
Microsoft Visual Studio Solution File, Format Version 12.00
# Visual Studio Version 17
VisualStudioVersion = 17.5.33516.290
MinimumVisualStudioVersion = 10.0.40219.1
Project("{FAE04EC0-301F-11D3-BF4B-00C04F79EFBC}") = "Veridiam", "Veridiam\Veridiam.csproj", "{A8BCAEE6-3709-458A-A144-83B0B6D96ABA}"
EndProject
Project("{FAE04EC0-301F-11D3-BF4B-00C04F79EFBC}") = "UserControls", "UserControls\UserControls.csproj", "{D810719D-6B1F-49E1-A729-BB7CAE2D4B42}"
EndProject
Global
	GlobalSection(SolutionConfigurationPlatforms) = preSolution
		Debug|Any CPU = Debug|Any CPU
		Release|Any CPU = Release|Any CPU
	EndGlobalSection
	GlobalSection(ProjectConfigurationPlatforms) = postSolution
		{A8BCAEE6-3709-458A-A144-83B0B6D96ABA}.Debug|Any CPU.ActiveCfg = Debug|Any CPU
		{A8BCAEE6-3709-458A-A144-83B0B6D96ABA}.Debug|Any CPU.Build.0 = Debug|Any CPU
		{A8BCAEE6-3709-458A-A144-83B0B6D96ABA}.Release|Any CPU.ActiveCfg = Release|Any CPU
		{A8BCAEE6-3709-458A-A144-83B0B6D96ABA}.Release|Any CPU.Build.0 = Release|Any CPU
		{D810719D-6B1F-49E1-A729-BB7CAE2D4B42}.Debug|Any CPU.ActiveCfg = Debug|Any CPU
		{D810719D-6B1F-49E1-A729-BB7CAE2D4B42}.Debug|Any CPU.Build.0 = Debug|Any CPU
		{D810719D-6B1F-49E1-A729-BB7CAE2D4B42}.Release|Any CPU.ActiveCfg = Release|Any CPU
		{D810719D-6B1F-49E1-A729-BB7CAE2D4B42}.Release|Any CPU.Build.0 = Release|Any CPU
	EndGlobalSection
	GlobalSection(SolutionProperties) = preSolution
		HideSolutionNode = FALSE
	EndGlobalSection
	GlobalSection(ExtensibilityGlobals) = postSolution
		SolutionGuid = {98DBFA5E-2DA8-4975-97BA-EEB943B59FC7}
	EndGlobalSection
EndGlobal
